
Microsoft Visual Studio Solution File, Format Version 12.00
Project("{FAE04EC0-301F-11D3-BF4B-00C04F79EFBC}") = "Bonkles_Bot", "Bonkles_Bot\Bonkles_Bot.csproj", "{77394A91-0949-4D8B-9BEC-BDA1F9DB9124}"
EndProject
Global
	GlobalSection(SolutionConfigurationPlatforms) = preSolution
		Debug|Any CPU = Debug|Any CPU
		Release|Any CPU = Release|Any CPU
	EndGlobalSection
	GlobalSection(ProjectConfigurationPlatforms) = postSolution
		{77394A91-0949-4D8B-9BEC-BDA1F9DB9124}.Debug|Any CPU.ActiveCfg = Debug|Any CPU
		{77394A91-0949-4D8B-9BEC-BDA1F9DB9124}.Debug|Any CPU.Build.0 = Debug|Any CPU
		{77394A91-0949-4D8B-9BEC-BDA1F9DB9124}.Release|Any CPU.ActiveCfg = Release|Any CPU
		{77394A91-0949-4D8B-9BEC-BDA1F9DB9124}.Release|Any CPU.Build.0 = Release|Any CPU
	EndGlobalSection
EndGlobal
